
Microsoft Visual Studio Solution File, Format Version 12.00
# Visual Studio Version 17
VisualStudioVersion = 17.14.36310.24 d17.14
MinimumVisualStudioVersion = 10.0.40219.1
Project("{FAE04EC0-301F-11D3-BF4B-00C04F79EFBC}") = "Hello-World-Repo", "Hello-World-Repo\Hello-World-Repo.csproj", "{83FDDEDA-2174-46CC-BB97-8D7EDB0C943C}"
EndProject
Global
	GlobalSection(SolutionConfigurationPlatforms) = preSolution
		Debug|Any CPU = Debug|Any CPU
		Release|Any CPU = Release|Any CPU
	EndGlobalSection
	GlobalSection(ProjectConfigurationPlatforms) = postSolution
		{83FDDEDA-2174-46CC-BB97-8D7EDB0C943C}.Debug|Any CPU.ActiveCfg = Debug|Any CPU
		{83FDDEDA-2174-46CC-BB97-8D7EDB0C943C}.Debug|Any CPU.Build.0 = Debug|Any CPU
		{83FDDEDA-2174-46CC-BB97-8D7EDB0C943C}.Release|Any CPU.ActiveCfg = Release|Any CPU
		{83FDDEDA-2174-46CC-BB97-8D7EDB0C943C}.Release|Any CPU.Build.0 = Release|Any CPU
	EndGlobalSection
	GlobalSection(SolutionProperties) = preSolution
		HideSolutionNode = FALSE
	EndGlobalSection
	GlobalSection(ExtensibilityGlobals) = postSolution
		SolutionGuid = {27D84DBC-C352-485E-A3AA-3D6440F898AC}
	EndGlobalSection
EndGlobal
